
Microsoft Visual Studio Solution File, Format Version 12.00
# Visual Studio Version 17
VisualStudioVersion = 17.9.34714.143
MinimumVisualStudioVersion = 10.0.40219.1
Project("{9A19103F-16F7-4668-BE54-9A1E7A4F7556}") = "BulkyWeb", "BulkyWeb\BulkyWeb.csproj", "{440E3C54-DE6B-44C4-A562-3212E0EBC0CD}"
EndProject
Project("{FAE04EC0-301F-11D3-BF4B-00C04F79EFBC}") = "Bulky.DataAccess", "Bulky.DataAccess\Bulky.DataAccess.csproj", "{606C1AA7-2075-4D96-9A78-EB91A875BD85}"
EndProject
Project("{FAE04EC0-301F-11D3-BF4B-00C04F79EFBC}") = "Bulky.Models", "Bulky.Models\Bulky.Models.csproj", "{30458DF7-77D5-49AC-809C-A2CAEC14BD2D}"
EndProject
Project("{FAE04EC0-301F-11D3-BF4B-00C04F79EFBC}") = "Bulky.Utility", "Bulky.Utility\Bulky.Utility.csproj", "{3880BF82-4B0E-4452-833B-701BBE3F4AC3}"
EndProject
Global
	GlobalSection(SolutionConfigurationPlatforms) = preSolution
		Debug|Any CPU = Debug|Any CPU
		Release|Any CPU = Release|Any CPU
	EndGlobalSection
	GlobalSection(ProjectConfigurationPlatforms) = postSolution
		{440E3C54-DE6B-44C4-A562-3212E0EBC0CD}.Debug|Any CPU.ActiveCfg = Debug|Any CPU
		{440E3C54-DE6B-44C4-A562-3212E0EBC0CD}.Debug|Any CPU.Build.0 = Debug|Any CPU
		{440E3C54-DE6B-44C4-A562-3212E0EBC0CD}.Release|Any CPU.ActiveCfg = Release|Any CPU
		{440E3C54-DE6B-44C4-A562-3212E0EBC0CD}.Release|Any CPU.Build.0 = Release|Any CPU
		{606C1AA7-2075-4D96-9A78-EB91A875BD85}.Debug|Any CPU.ActiveCfg = Debug|Any CPU
		{606C1AA7-2075-4D96-9A78-EB91A875BD85}.Debug|Any CPU.Build.0 = Debug|Any CPU
		{606C1AA7-2075-4D96-9A78-EB91A875BD85}.Release|Any CPU.ActiveCfg = Release|Any CPU
		{606C1AA7-2075-4D96-9A78-EB91A875BD85}.Release|Any CPU.Build.0 = Release|Any CPU
		{30458DF7-77D5-49AC-809C-A2CAEC14BD2D}.Debug|Any CPU.ActiveCfg = Debug|Any CPU
		{30458DF7-77D5-49AC-809C-A2CAEC14BD2D}.Debug|Any CPU.Build.0 = Debug|Any CPU
		{30458DF7-77D5-49AC-809C-A2CAEC14BD2D}.Release|Any CPU.ActiveCfg = Release|Any CPU
		{30458DF7-77D5-49AC-809C-A2CAEC14BD2D}.Release|Any CPU.Build.0 = Release|Any CPU
		{3880BF82-4B0E-4452-833B-701BBE3F4AC3}.Debug|Any CPU.ActiveCfg = Debug|Any CPU
		{3880BF82-4B0E-4452-833B-701BBE3F4AC3}.Debug|Any CPU.Build.0 = Debug|Any CPU
		{3880BF82-4B0E-4452-833B-701BBE3F4AC3}.Release|Any CPU.ActiveCfg = Release|Any CPU
		{3880BF82-4B0E-4452-833B-701BBE3F4AC3}.Release|Any CPU.Build.0 = Release|Any CPU
	EndGlobalSection
	GlobalSection(SolutionProperties) = preSolution
		HideSolutionNode = FALSE
	EndGlobalSection
	GlobalSection(ExtensibilityGlobals) = postSolution
		SolutionGuid = {44E7E9A1-A2E8-4499-AC2A-DD965D6C02FB}
	EndGlobalSection
EndGlobal
